
Microsoft Visual Studio Solution File, Format Version 12.00
# Visual Studio Version 17
VisualStudioVersion = 17.5.33516.290
MinimumVisualStudioVersion = 10.0.40219.1
Project("{FAE04EC0-301F-11D3-BF4B-00C04F79EFBC}") = "apa si ini", "apa si ini\apa si ini.csproj", "{BFCD0DAC-EA33-423A-A1FF-020900A5A28F}"
EndProject
Global
	GlobalSection(SolutionConfigurationPlatforms) = preSolution
		Debug|Any CPU = Debug|Any CPU
		Release|Any CPU = Release|Any CPU
	EndGlobalSection
	GlobalSection(ProjectConfigurationPlatforms) = postSolution
		{BFCD0DAC-EA33-423A-A1FF-020900A5A28F}.Debug|Any CPU.ActiveCfg = Debug|Any CPU
		{BFCD0DAC-EA33-423A-A1FF-020900A5A28F}.Debug|Any CPU.Build.0 = Debug|Any CPU
		{BFCD0DAC-EA33-423A-A1FF-020900A5A28F}.Release|Any CPU.ActiveCfg = Release|Any CPU
		{BFCD0DAC-EA33-423A-A1FF-020900A5A28F}.Release|Any CPU.Build.0 = Release|Any CPU
	EndGlobalSection
	GlobalSection(SolutionProperties) = preSolution
		HideSolutionNode = FALSE
	EndGlobalSection
	GlobalSection(ExtensibilityGlobals) = postSolution
		SolutionGuid = {161B7561-C26D-480E-B5A1-F74901656895}
	EndGlobalSection
EndGlobal
